
Microsoft Visual Studio Solution File, Format Version 11.00
# Visual Studio 2010
Project("{BE0A4C86-FC82-4F70-8ED6-D24C8B13E7BF}") = "Factorial", "Factorial\Factorial.javaproj", "{8273AA7C-6CF8-4AE0-8174-59D85128EA61}"
EndProject
Global
	GlobalSection(SolutionConfigurationPlatforms) = preSolution
		Debug|Any CPU = Debug|Any CPU
		Release|Any CPU = Release|Any CPU
	EndGlobalSection
	GlobalSection(ProjectConfigurationPlatforms) = postSolution
		{8273AA7C-6CF8-4AE0-8174-59D85128EA61}.Debug|Any CPU.ActiveCfg = Debug|Any CPU
		{8273AA7C-6CF8-4AE0-8174-59D85128EA61}.Debug|Any CPU.Build.0 = Debug|Any CPU
		{8273AA7C-6CF8-4AE0-8174-59D85128EA61}.Release|Any CPU.ActiveCfg = Release|Any CPU
		{8273AA7C-6CF8-4AE0-8174-59D85128EA61}.Release|Any CPU.Build.0 = Release|Any CPU
	EndGlobalSection
	GlobalSection(SolutionProperties) = preSolution
		HideSolutionNode = FALSE
	EndGlobalSection
EndGlobal
