
Microsoft Visual Studio Solution File, Format Version 11.00
# Visual Studio 2010
Project("{BE0A4C86-FC82-4F70-8ED6-D24C8B13E7BF}") = "Printing", "Printing\Printing.javaproj", "{C37BE5F7-37FE-4DE9-BB00-94394B64CD2D}"
EndProject
Global
	GlobalSection(SolutionConfigurationPlatforms) = preSolution
		Debug|Any CPU = Debug|Any CPU
		Release|Any CPU = Release|Any CPU
	EndGlobalSection
	GlobalSection(ProjectConfigurationPlatforms) = postSolution
		{C37BE5F7-37FE-4DE9-BB00-94394B64CD2D}.Debug|Any CPU.ActiveCfg = Debug|Any CPU
		{C37BE5F7-37FE-4DE9-BB00-94394B64CD2D}.Debug|Any CPU.Build.0 = Debug|Any CPU
		{C37BE5F7-37FE-4DE9-BB00-94394B64CD2D}.Release|Any CPU.ActiveCfg = Release|Any CPU
		{C37BE5F7-37FE-4DE9-BB00-94394B64CD2D}.Release|Any CPU.Build.0 = Release|Any CPU
	EndGlobalSection
	GlobalSection(SolutionProperties) = preSolution
		HideSolutionNode = FALSE
	EndGlobalSection
EndGlobal
