
Microsoft Visual Studio Solution File, Format Version 11.00
# Visual Studio 2010
Project("{888888A0-9F3D-457C-B088-3A5042F75D52}") = "Example3", "Example3\Example3.pyproj", "{75C20031-6DCD-46FB-94D2-A5A825B61070}"
EndProject
Global
	GlobalSection(SolutionConfigurationPlatforms) = preSolution
		Debug|Any CPU = Debug|Any CPU
		Release|Any CPU = Release|Any CPU
	EndGlobalSection
	GlobalSection(ProjectConfigurationPlatforms) = postSolution
		{75C20031-6DCD-46FB-94D2-A5A825B61070}.Debug|Any CPU.ActiveCfg = Debug|Any CPU
		{75C20031-6DCD-46FB-94D2-A5A825B61070}.Release|Any CPU.ActiveCfg = Release|Any CPU
	EndGlobalSection
	GlobalSection(SolutionProperties) = preSolution
		HideSolutionNode = FALSE
	EndGlobalSection
EndGlobal
