
Microsoft Visual Studio Solution File, Format Version 12.00
# Visual Studio Version 16
VisualStudioVersion = 16.0.31205.134
MinimumVisualStudioVersion = 10.0.40219.1
Project("{888888A0-9F3D-457C-B088-3A5042F75D52}") = "speechprocessing", "speechprocessing\speechprocessing.pyproj", "{8A3B0095-18EA-415A-9043-A911E32D8752}"
EndProject
Global
	GlobalSection(SolutionConfigurationPlatforms) = preSolution
		Debug|Any CPU = Debug|Any CPU
		Release|Any CPU = Release|Any CPU
	EndGlobalSection
	GlobalSection(ProjectConfigurationPlatforms) = postSolution
		{8A3B0095-18EA-415A-9043-A911E32D8752}.Debug|Any CPU.ActiveCfg = Debug|Any CPU
		{8A3B0095-18EA-415A-9043-A911E32D8752}.Release|Any CPU.ActiveCfg = Release|Any CPU
	EndGlobalSection
	GlobalSection(SolutionProperties) = preSolution
		HideSolutionNode = FALSE
	EndGlobalSection
	GlobalSection(ExtensibilityGlobals) = postSolution
		SolutionGuid = {05EE042D-D90A-4083-B6F2-17EE850D13E6}
	EndGlobalSection
EndGlobal
