
Microsoft Visual Studio Solution File, Format Version 11.00
# Visual Studio 2010
Project("{888888A0-9F3D-457C-B088-3A5042F75D52}") = "EG4", "EG4\EG4.pyproj", "{FE2C24BF-B5C8-4392-B74D-58221BE0A6C9}"
EndProject
Global
	GlobalSection(SolutionConfigurationPlatforms) = preSolution
		Debug|Any CPU = Debug|Any CPU
		Release|Any CPU = Release|Any CPU
	EndGlobalSection
	GlobalSection(ProjectConfigurationPlatforms) = postSolution
		{FE2C24BF-B5C8-4392-B74D-58221BE0A6C9}.Debug|Any CPU.ActiveCfg = Debug|Any CPU
		{FE2C24BF-B5C8-4392-B74D-58221BE0A6C9}.Release|Any CPU.ActiveCfg = Release|Any CPU
	EndGlobalSection
	GlobalSection(SolutionProperties) = preSolution
		HideSolutionNode = FALSE
	EndGlobalSection
EndGlobal
