
Microsoft Visual Studio Solution File, Format Version 11.00
# Visual Studio 2010
Project("{BE0A4C86-FC82-4F70-8ED6-D24C8B13E7BF}") = "GradeBook5", "GradeBook5\GradeBook5.javaproj", "{7E0FDCE9-CCE6-4D91-B9F8-810322108359}"
EndProject
Global
	GlobalSection(SolutionConfigurationPlatforms) = preSolution
		Debug|Any CPU = Debug|Any CPU
		Release|Any CPU = Release|Any CPU
	EndGlobalSection
	GlobalSection(ProjectConfigurationPlatforms) = postSolution
		{7E0FDCE9-CCE6-4D91-B9F8-810322108359}.Debug|Any CPU.ActiveCfg = Debug|Any CPU
		{7E0FDCE9-CCE6-4D91-B9F8-810322108359}.Debug|Any CPU.Build.0 = Debug|Any CPU
		{7E0FDCE9-CCE6-4D91-B9F8-810322108359}.Release|Any CPU.ActiveCfg = Release|Any CPU
		{7E0FDCE9-CCE6-4D91-B9F8-810322108359}.Release|Any CPU.Build.0 = Release|Any CPU
	EndGlobalSection
	GlobalSection(SolutionProperties) = preSolution
		HideSolutionNode = FALSE
	EndGlobalSection
EndGlobal
