
Microsoft Visual Studio Solution File, Format Version 11.00
# Visual Studio 2010
Project("{888888A0-9F3D-457C-B088-3A5042F75D52}") = "Example1", "Example1\Example1.pyproj", "{D2610EFE-6EA0-4CB4-8D1A-91A1A59AF381}"
EndProject
Global
	GlobalSection(SolutionConfigurationPlatforms) = preSolution
		Debug|Any CPU = Debug|Any CPU
		Release|Any CPU = Release|Any CPU
	EndGlobalSection
	GlobalSection(ProjectConfigurationPlatforms) = postSolution
		{D2610EFE-6EA0-4CB4-8D1A-91A1A59AF381}.Debug|Any CPU.ActiveCfg = Debug|Any CPU
		{D2610EFE-6EA0-4CB4-8D1A-91A1A59AF381}.Release|Any CPU.ActiveCfg = Release|Any CPU
	EndGlobalSection
	GlobalSection(SolutionProperties) = preSolution
		HideSolutionNode = FALSE
	EndGlobalSection
EndGlobal
