
Microsoft Visual Studio Solution File, Format Version 11.00
# Visual Studio 2010
Project("{8BC9CEB8-8B4A-11D0-8D11-00A0C91BC942}") = "FirstProgram", "FirstProgram\FirstProgram.vcxproj", "{6BA54498-41F3-4D45-80E2-F28B0A2DD868}"
EndProject
Global
	GlobalSection(SolutionConfigurationPlatforms) = preSolution
		Debug|Win32 = Debug|Win32
		Release|Win32 = Release|Win32
	EndGlobalSection
	GlobalSection(ProjectConfigurationPlatforms) = postSolution
		{6BA54498-41F3-4D45-80E2-F28B0A2DD868}.Debug|Win32.ActiveCfg = Debug|Win32
		{6BA54498-41F3-4D45-80E2-F28B0A2DD868}.Debug|Win32.Build.0 = Debug|Win32
		{6BA54498-41F3-4D45-80E2-F28B0A2DD868}.Release|Win32.ActiveCfg = Release|Win32
		{6BA54498-41F3-4D45-80E2-F28B0A2DD868}.Release|Win32.Build.0 = Release|Win32
	EndGlobalSection
	GlobalSection(SolutionProperties) = preSolution
		HideSolutionNode = FALSE
	EndGlobalSection
EndGlobal
