// !$*UTF8*$!
{
	archiveVersion = 1;
	classes = {
	};
	objectVersion = 46;
	objects = {

/* Begin PBXBuildFile section */
		1D3623260D0F684500981E51 /* GooglePlaceAPIAppDelegate.m in Sources */ = {isa = PBXBuildFile; fileRef = 1D3623250D0F684500981E51 /* GooglePlaceAPIAppDelegate.m */; };
		1D60589B0D05DD56006BFB54 /* main.m in Sources */ = {isa = PBXBuildFile; fileRef = 29B97316FDCFA39411CA2CEA /* main.m */; };
		1D60589F0D05DD5A006BFB54 /* Foundation.framework in Frameworks */ = {isa = PBXBuildFile; fileRef = 1D30AB110D05D00D00671497 /* Foundation.framework */; };
		1DF5F4E00D08C38300B7A737 /* UIKit.framework in Frameworks */ = {isa = PBXBuildFile; fileRef = 1DF5F4DF0D08C38300B7A737 /* UIKit.framework */; };
		288765FD0DF74451002DB57D /* CoreGraphics.framework in Frameworks */ = {isa = PBXBuildFile; fileRef = 288765FC0DF74451002DB57D /* CoreGraphics.framework */; };
		28AD733F0D9D9553002E5188 /* MainWindow.xib in Resources */ = {isa = PBXBuildFile; fileRef = 28AD733E0D9D9553002E5188 /* MainWindow.xib */; };
		488441C2138F7C6200A65437 /* CoreLocation.framework in Frameworks */ = {isa = PBXBuildFile; fileRef = 488441C1138F7C6200A65437 /* CoreLocation.framework */; };
		488441CA138F7E8B00A65437 /* GooglePlaceAPIViewController.m in Sources */ = {isa = PBXBuildFile; fileRef = 488441C8138F7E8B00A65437 /* GooglePlaceAPIViewController.m */; };
		488441CB138F7E8B00A65437 /* GooglePlaceAPIViewController.xib in Resources */ = {isa = PBXBuildFile; fileRef = 488441C9138F7E8B00A65437 /* GooglePlaceAPIViewController.xib */; };
		48B660CA13976F330062E8EE /* NSObject+SBJSON.m in Sources */ = {isa = PBXBuildFile; fileRef = 48B660BD13976F330062E8EE /* NSObject+SBJSON.m */; };
		48B660CB13976F330062E8EE /* NSString+SBJSON.m in Sources */ = {isa = PBXBuildFile; fileRef = 48B660BF13976F330062E8EE /* NSString+SBJSON.m */; };
		48B660CC13976F330062E8EE /* SBJSON.m in Sources */ = {isa = PBXBuildFile; fileRef = 48B660C113976F330062E8EE /* SBJSON.m */; };
		48B660CD13976F330062E8EE /* SBJsonBase.m in Sources */ = {isa = PBXBuildFile; fileRef = 48B660C313976F330062E8EE /* SBJsonBase.m */; };
		48B660CE13976F330062E8EE /* SBJsonParser.m in Sources */ = {isa = PBXBuildFile; fileRef = 48B660C513976F330062E8EE /* SBJsonParser.m */; };
		48B660CF13976F330062E8EE /* SBJsonWriter.m in Sources */ = {isa = PBXBuildFile; fileRef = 48B660C713976F330062E8EE /* SBJsonWriter.m */; };
		48B660D013976F330062E8EE /* SearchResults.m in Sources */ = {isa = PBXBuildFile; fileRef = 48B660C913976F330062E8EE /* SearchResults.m */; };
		48CCB1A11390004D00C34C85 /* MapKit.framework in Frameworks */ = {isa = PBXBuildFile; fileRef = 48CCB1A01390004D00C34C85 /* MapKit.framework */; };
/* End PBXBuildFile section */

/* Begin PBXFileReference section */
		1D30AB110D05D00D00671497 /* Foundation.framework */ = {isa = PBXFileReference; lastKnownFileType = wrapper.framework; name = Foundation.framework; path = System/Library/Frameworks/Foundation.framework; sourceTree = SDKROOT; };
		1D3623240D0F684500981E51 /* GooglePlaceAPIAppDelegate.h */ = {isa = PBXFileReference; fileEncoding = 4; lastKnownFileType = sourcecode.c.h; path = GooglePlaceAPIAppDelegate.h; sourceTree = "<group>"; };
		1D3623250D0F684500981E51 /* GooglePlaceAPIAppDelegate.m */ = {isa = PBXFileReference; fileEncoding = 4; lastKnownFileType = sourcecode.c.objc; path = GooglePlaceAPIAppDelegate.m; sourceTree = "<group>"; };
		1D6058910D05DD3D006BFB54 /* GooglePlaceAPI.app */ = {isa = PBXFileReference; explicitFileType = wrapper.application; includeInIndex = 0; path = GooglePlaceAPI.app; sourceTree = BUILT_PRODUCTS_DIR; };
		1DF5F4DF0D08C38300B7A737 /* UIKit.framework */ = {isa = PBXFileReference; lastKnownFileType = wrapper.framework; name = UIKit.framework; path = System/Library/Frameworks/UIKit.framework; sourceTree = SDKROOT; };
		288765FC0DF74451002DB57D /* CoreGraphics.framework */ = {isa = PBXFileReference; lastKnownFileType = wrapper.framework; name = CoreGraphics.framework; path = System/Library/Frameworks/CoreGraphics.framework; sourceTree = SDKROOT; };
		28AD733E0D9D9553002E5188 /* MainWindow.xib */ = {isa = PBXFileReference; lastKnownFileType = file.xib; path = MainWindow.xib; sourceTree = "<group>"; };
		29B97316FDCFA39411CA2CEA /* main.m */ = {isa = PBXFileReference; fileEncoding = 4; lastKnownFileType = sourcecode.c.objc; path = main.m; sourceTree = "<group>"; };
		32CA4F630368D1EE00C91783 /* GooglePlaceAPI_Prefix.pch */ = {isa = PBXFileReference; fileEncoding = 4; lastKnownFileType = sourcecode.c.h; path = GooglePlaceAPI_Prefix.pch; sourceTree = "<group>"; };
		488441C1138F7C6200A65437 /* CoreLocation.framework */ = {isa = PBXFileReference; lastKnownFileType = wrapper.framework; name = CoreLocation.framework; path = System/Library/Frameworks/CoreLocation.framework; sourceTree = SDKROOT; };
		488441C7138F7E8B00A65437 /* GooglePlaceAPIViewController.h */ = {isa = PBXFileReference; fileEncoding = 4; lastKnownFileType = sourcecode.c.h; path = GooglePlaceAPIViewController.h; sourceTree = "<group>"; };
		488441C8138F7E8B00A65437 /* GooglePlaceAPIViewController.m */ = {isa = PBXFileReference; fileEncoding = 4; lastKnownFileType = sourcecode.c.objc; path = GooglePlaceAPIViewController.m; sourceTree = "<group>"; };
		488441C9138F7E8B00A65437 /* GooglePlaceAPIViewController.xib */ = {isa = PBXFileReference; lastKnownFileType = file.xib; name = GooglePlaceAPIViewController.xib; path = Classes/GooglePlaceAPIViewController.xib; sourceTree = "<group>"; };
		48B660BB13976F330062E8EE /* JSON.h */ = {isa = PBXFileReference; fileEncoding = 4; lastKnownFileType = sourcecode.c.h; path = JSON.h; sourceTree = "<group>"; };
		48B660BC13976F330062E8EE /* NSObject+SBJSON.h */ = {isa = PBXFileReference; fileEncoding = 4; lastKnownFileType = sourcecode.c.h; path = "NSObject+SBJSON.h"; sourceTree = "<group>"; };
		48B660BD13976F330062E8EE /* NSObject+SBJSON.m */ = {isa = PBXFileReference; fileEncoding = 4; lastKnownFileType = sourcecode.c.objc; path = "NSObject+SBJSON.m"; sourceTree = "<group>"; };
		48B660BE13976F330062E8EE /* NSString+SBJSON.h */ = {isa = PBXFileReference; fileEncoding = 4; lastKnownFileType = sourcecode.c.h; path = "NSString+SBJSON.h"; sourceTree = "<group>"; };
		48B660BF13976F330062E8EE /* NSString+SBJSON.m */ = {isa = PBXFileReference; fileEncoding = 4; lastKnownFileType = sourcecode.c.objc; path = "NSString+SBJSON.m"; sourceTree = "<group>"; };
		48B660C013976F330062E8EE /* SBJSON.h */ = {isa = PBXFileReference; fileEncoding = 4; lastKnownFileType = sourcecode.c.h; path = SBJSON.h; sourceTree = "<group>"; };
		48B660C113976F330062E8EE /* SBJSON.m */ = {isa = PBXFileReference; fileEncoding = 4; lastKnownFileType = sourcecode.c.objc; path = SBJSON.m; sourceTree = "<group>"; };
		48B660C213976F330062E8EE /* SBJsonBase.h */ = {isa = PBXFileReference; fileEncoding = 4; lastKnownFileType = sourcecode.c.h; path = SBJsonBase.h; sourceTree = "<group>"; };
		48B660C313976F330062E8EE /* SBJsonBase.m */ = {isa = PBXFileReference; fileEncoding = 4; lastKnownFileType = sourcecode.c.objc; path = SBJsonBase.m; sourceTree = "<group>"; };
		48B660C413976F330062E8EE /* SBJsonParser.h */ = {isa = PBXFileReference; fileEncoding = 4; lastKnownFileType = sourcecode.c.h; path = SBJsonParser.h; sourceTree = "<group>"; };
		48B660C513976F330062E8EE /* SBJsonParser.m */ = {isa = PBXFileReference; fileEncoding = 4; lastKnownFileType = sourcecode.c.objc; path = SBJsonParser.m; sourceTree = "<group>"; };
		48B660C613976F330062E8EE /* SBJsonWriter.h */ = {isa = PBXFileReference; fileEncoding = 4; lastKnownFileType = sourcecode.c.h; path = SBJsonWriter.h; sourceTree = "<group>"; };
		48B660C713976F330062E8EE /* SBJsonWriter.m */ = {isa = PBXFileReference; fileEncoding = 4; lastKnownFileType = sourcecode.c.objc; path = SBJsonWriter.m; sourceTree = "<group>"; };
		48B660C813976F330062E8EE /* SearchResults.h */ = {isa = PBXFileReference; fileEncoding = 4; lastKnownFileType = sourcecode.c.h; path = SearchResults.h; sourceTree = "<group>"; };
		48B660C913976F330062E8EE /* SearchResults.m */ = {isa = PBXFileReference; fileEncoding = 4; lastKnownFileType = sourcecode.c.objc; path = SearchResults.m; sourceTree = "<group>"; };
		48CCB1A01390004D00C34C85 /* MapKit.framework */ = {isa = PBXFileReference; lastKnownFileType = wrapper.framework; name = MapKit.framework; path = System/Library/Frameworks/MapKit.framework; sourceTree = SDKROOT; };
		8D1107310486CEB800E47090 /* GooglePlaceAPI-Info.plist */ = {isa = PBXFileReference; fileEncoding = 4; lastKnownFileType = text.plist.xml; path = "GooglePlaceAPI-Info.plist"; plistStructureDefinitionIdentifier = "com.apple.xcode.plist.structure-definition.iphone.info-plist"; sourceTree = "<group>"; };
/* End PBXFileReference section */

/* Begin PBXFrameworksBuildPhase section */
		1D60588F0D05DD3D006BFB54 /* Frameworks */ = {
			isa = PBXFrameworksBuildPhase;
			buildActionMask = 2147483647;
			files = (
				1D60589F0D05DD5A006BFB54 /* Foundation.framework in Frameworks */,
				1DF5F4E00D08C38300B7A737 /* UIKit.framework in Frameworks */,
				288765FD0DF74451002DB57D /* CoreGraphics.framework in Frameworks */,
				488441C2138F7C6200A65437 /* CoreLocation.framework in Frameworks */,
				48CCB1A11390004D00C34C85 /* MapKit.framework in Frameworks */,
			);
			runOnlyForDeploymentPostprocessing = 0;
		};
/* End PBXFrameworksBuildPhase section */

/* Begin PBXGroup section */
		080E96DDFE201D6D7F000001 /* Classes */ = {
			isa = PBXGroup;
			children = (
				48B660BA13976F330062E8EE /* JSON */,
				1D3623240D0F684500981E51 /* GooglePlaceAPIAppDelegate.h */,
				1D3623250D0F684500981E51 /* GooglePlaceAPIAppDelegate.m */,
				488441C7138F7E8B00A65437 /* GooglePlaceAPIViewController.h */,
				488441C8138F7E8B00A65437 /* GooglePlaceAPIViewController.m */,
			);
			path = Classes;
			sourceTree = "<group>";
		};
		19C28FACFE9D520D11CA2CBB /* Products */ = {
			isa = PBXGroup;
			children = (
				1D6058910D05DD3D006BFB54 /* GooglePlaceAPI.app */,
			);
			name = Products;
			sourceTree = "<group>";
		};
		29B97314FDCFA39411CA2CEA /* CustomTemplate */ = {
			isa = PBXGroup;
			children = (
				080E96DDFE201D6D7F000001 /* Classes */,
				29B97315FDCFA39411CA2CEA /* Other Sources */,
				29B97317FDCFA39411CA2CEA /* Resources */,
				29B97323FDCFA39411CA2CEA /* Frameworks */,
				19C28FACFE9D520D11CA2CBB /* Products */,
			);
			name = CustomTemplate;
			sourceTree = "<group>";
		};
		29B97315FDCFA39411CA2CEA /* Other Sources */ = {
			isa = PBXGroup;
			children = (
				32CA4F630368D1EE00C91783 /* GooglePlaceAPI_Prefix.pch */,
				29B97316FDCFA39411CA2CEA /* main.m */,
			);
			name = "Other Sources";
			sourceTree = "<group>";
		};
		29B97317FDCFA39411CA2CEA /* Resources */ = {
			isa = PBXGroup;
			children = (
				488441C9138F7E8B00A65437 /* GooglePlaceAPIViewController.xib */,
				28AD733E0D9D9553002E5188 /* MainWindow.xib */,
				8D1107310486CEB800E47090 /* GooglePlaceAPI-Info.plist */,
			);
			name = Resources;
			sourceTree = "<group>";
		};
		29B97323FDCFA39411CA2CEA /* Frameworks */ = {
			isa = PBXGroup;
			children = (
				1DF5F4DF0D08C38300B7A737 /* UIKit.framework */,
				1D30AB110D05D00D00671497 /* Foundation.framework */,
				288765FC0DF74451002DB57D /* CoreGraphics.framework */,
				488441C1138F7C6200A65437 /* CoreLocation.framework */,
				48CCB1A01390004D00C34C85 /* MapKit.framework */,
			);
			name = Frameworks;
			sourceTree = "<group>";
		};
		48B660BA13976F330062E8EE /* JSON */ = {
			isa = PBXGroup;
			children = (
				48B660BB13976F330062E8EE /* JSON.h */,
				48B660BC13976F330062E8EE /* NSObject+SBJSON.h */,
				48B660BD13976F330062E8EE /* NSObject+SBJSON.m */,
				48B660BE13976F330062E8EE /* NSString+SBJSON.h */,
				48B660BF13976F330062E8EE /* NSString+SBJSON.m */,
				48B660C013976F330062E8EE /* SBJSON.h */,
				48B660C113976F330062E8EE /* SBJSON.m */,
				48B660C213976F330062E8EE /* SBJsonBase.h */,
				48B660C313976F330062E8EE /* SBJsonBase.m */,
				48B660C413976F330062E8EE /* SBJsonParser.h */,
				48B660C513976F330062E8EE /* SBJsonParser.m */,
				48B660C613976F330062E8EE /* SBJsonWriter.h */,
				48B660C713976F330062E8EE /* SBJsonWriter.m */,
				48B660C813976F330062E8EE /* SearchResults.h */,
				48B660C913976F330062E8EE /* SearchResults.m */,
			);
			name = JSON;
			path = "../../../../../Documents/IOS Workshop/GoogleSearchJSON/Classes/JSON";
			sourceTree = SOURCE_ROOT;
		};
/* End PBXGroup section */

/* Begin PBXNativeTarget section */
		1D6058900D05DD3D006BFB54 /* GooglePlaceAPI */ = {
			isa = PBXNativeTarget;
			buildConfigurationList = 1D6058960D05DD3E006BFB54 /* Build configuration list for PBXNativeTarget "GooglePlaceAPI" */;
			buildPhases = (
				1D60588D0D05DD3D006BFB54 /* Resources */,
				1D60588E0D05DD3D006BFB54 /* Sources */,
				1D60588F0D05DD3D006BFB54 /* Frameworks */,
			);
			buildRules = (
			);
			dependencies = (
			);
			name = GooglePlaceAPI;
			productName = GooglePlaceAPI;
			productReference = 1D6058910D05DD3D006BFB54 /* GooglePlaceAPI.app */;
			productType = "com.apple.product-type.application";
		};
/* End PBXNativeTarget section */

/* Begin PBXProject section */
		29B97313FDCFA39411CA2CEA /* Project object */ = {
			isa = PBXProject;
			buildConfigurationList = C01FCF4E08A954540054247B /* Build configuration list for PBXProject "GooglePlaceAPI" */;
			compatibilityVersion = "Xcode 3.2";
			developmentRegion = English;
			hasScannedForEncodings = 1;
			knownRegions = (
				English,
				Japanese,
				French,
				German,
			);
			mainGroup = 29B97314FDCFA39411CA2CEA /* CustomTemplate */;
			projectDirPath = "";
			projectRoot = "";
			targets = (
				1D6058900D05DD3D006BFB54 /* GooglePlaceAPI */,
			);
		};
/* End PBXProject section */

/* Begin PBXResourcesBuildPhase section */
		1D60588D0D05DD3D006BFB54 /* Resources */ = {
			isa = PBXResourcesBuildPhase;
			buildActionMask = 2147483647;
			files = (
				28AD733F0D9D9553002E5188 /* MainWindow.xib in Resources */,
				488441CB138F7E8B00A65437 /* GooglePlaceAPIViewController.xib in Resources */,
			);
			runOnlyForDeploymentPostprocessing = 0;
		};
/* End PBXResourcesBuildPhase section */

/* Begin PBXSourcesBuildPhase section */
		1D60588E0D05DD3D006BFB54 /* Sources */ = {
			isa = PBXSourcesBuildPhase;
			buildActionMask = 2147483647;
			files = (
				1D60589B0D05DD56006BFB54 /* main.m in Sources */,
				1D3623260D0F684500981E51 /* GooglePlaceAPIAppDelegate.m in Sources */,
				488441CA138F7E8B00A65437 /* GooglePlaceAPIViewController.m in Sources */,
				48B660CA13976F330062E8EE /* NSObject+SBJSON.m in Sources */,
				48B660CB13976F330062E8EE /* NSString+SBJSON.m in Sources */,
				48B660CC13976F330062E8EE /* SBJSON.m in Sources */,
				48B660CD13976F330062E8EE /* SBJsonBase.m in Sources */,
				48B660CE13976F330062E8EE /* SBJsonParser.m in Sources */,
				48B660CF13976F330062E8EE /* SBJsonWriter.m in Sources */,
				48B660D013976F330062E8EE /* SearchResults.m in Sources */,
			);
			runOnlyForDeploymentPostprocessing = 0;
		};
/* End PBXSourcesBuildPhase section */

/* Begin XCBuildConfiguration section */
		1D6058940D05DD3E006BFB54 /* Debug */ = {
			isa = XCBuildConfiguration;
			buildSettings = {
				ALWAYS_SEARCH_USER_PATHS = NO;
				COPY_PHASE_STRIP = NO;
				GCC_DYNAMIC_NO_PIC = NO;
				GCC_OPTIMIZATION_LEVEL = 0;
				GCC_PRECOMPILE_PREFIX_HEADER = YES;
				GCC_PREFIX_HEADER = GooglePlaceAPI_Prefix.pch;
				INFOPLIST_FILE = "GooglePlaceAPI-Info.plist";
				PRODUCT_NAME = GooglePlaceAPI;
			};
			name = Debug;
		};
		1D6058950D05DD3E006BFB54 /* Release */ = {
			isa = XCBuildConfiguration;
			buildSettings = {
				ALWAYS_SEARCH_USER_PATHS = NO;
				COPY_PHASE_STRIP = YES;
				GCC_PRECOMPILE_PREFIX_HEADER = YES;
				GCC_PREFIX_HEADER = GooglePlaceAPI_Prefix.pch;
				INFOPLIST_FILE = "GooglePlaceAPI-Info.plist";
				PRODUCT_NAME = GooglePlaceAPI;
				VALIDATE_PRODUCT = YES;
			};
			name = Release;
		};
		C01FCF4F08A954540054247B /* Debug */ = {
			isa = XCBuildConfiguration;
			buildSettings = {
				ARCHS = "$(ARCHS_STANDARD_32_BIT)";
				"CODE_SIGN_IDENTITY[sdk=iphoneos*]" = "iPhone Developer";
				GCC_C_LANGUAGE_STANDARD = c99;
				GCC_WARN_ABOUT_RETURN_TYPE = YES;
				GCC_WARN_UNUSED_VARIABLE = YES;
				PREBINDING = NO;
				SDKROOT = iphoneos;
			};
			name = Debug;
		};
		C01FCF5008A954540054247B /* Release */ = {
			isa = XCBuildConfiguration;
			buildSettings = {
				ARCHS = "$(ARCHS_STANDARD_32_BIT)";
				"CODE_SIGN_IDENTITY[sdk=iphoneos*]" = "iPhone Developer";
				GCC_C_LANGUAGE_STANDARD = c99;
				GCC_WARN_ABOUT_RETURN_TYPE = YES;
				GCC_WARN_UNUSED_VARIABLE = YES;
				OTHER_CFLAGS = "-DNS_BLOCK_ASSERTIONS=1";
				PREBINDING = NO;
				SDKROOT = iphoneos;
			};
			name = Release;
		};
/* End XCBuildConfiguration section */

/* Begin XCConfigurationList section */
		1D6058960D05DD3E006BFB54 /* Build configuration list for PBXNativeTarget "GooglePlaceAPI" */ = {
			isa = XCConfigurationList;
			buildConfigurations = (
				1D6058940D05DD3E006BFB54 /* Debug */,
				1D6058950D05DD3E006BFB54 /* Release */,
			);
			defaultConfigurationIsVisible = 0;
			defaultConfigurationName = Release;
		};
		C01FCF4E08A954540054247B /* Build configuration list for PBXProject "GooglePlaceAPI" */ = {
			isa = XCConfigurationList;
			buildConfigurations = (
				C01FCF4F08A954540054247B /* Debug */,
				C01FCF5008A954540054247B /* Release */,
			);
			defaultConfigurationIsVisible = 0;
			defaultConfigurationName = Release;
		};
/* End XCConfigurationList section */
	};
	rootObject = 29B97313FDCFA39411CA2CEA /* Project object */;
}
