
Microsoft Visual Studio Solution File, Format Version 12.00
# Visual Studio Version 16
VisualStudioVersion = 16.0.29215.179
MinimumVisualStudioVersion = 10.0.40219.1
Project("{888888A0-9F3D-457C-B088-3A5042F75D52}") = "prime", "prime\prime.pyproj", "{AF590F93-3389-499E-BE27-3F00A5336033}"
EndProject
Global
	GlobalSection(SolutionConfigurationPlatforms) = preSolution
		Debug|Any CPU = Debug|Any CPU
		Release|Any CPU = Release|Any CPU
	EndGlobalSection
	GlobalSection(ProjectConfigurationPlatforms) = postSolution
		{AF590F93-3389-499E-BE27-3F00A5336033}.Debug|Any CPU.ActiveCfg = Debug|Any CPU
		{AF590F93-3389-499E-BE27-3F00A5336033}.Release|Any CPU.ActiveCfg = Release|Any CPU
	EndGlobalSection
	GlobalSection(SolutionProperties) = preSolution
		HideSolutionNode = FALSE
	EndGlobalSection
	GlobalSection(ExtensibilityGlobals) = postSolution
		SolutionGuid = {862CAEA5-F2CB-4551-B10E-9D6FE82E5A14}
	EndGlobalSection
EndGlobal
