
Microsoft Visual Studio Solution File, Format Version 11.00
# Visual Studio 2010
Project("{BE0A4C86-FC82-4F70-8ED6-D24C8B13E7BF}") = "NegativePositive", "NegativePositive\NegativePositive.javaproj", "{D6F47D01-43A0-48CB-A056-DA8C437E588E}"
EndProject
Global
	GlobalSection(SolutionConfigurationPlatforms) = preSolution
		Debug|Any CPU = Debug|Any CPU
		Release|Any CPU = Release|Any CPU
	EndGlobalSection
	GlobalSection(ProjectConfigurationPlatforms) = postSolution
		{D6F47D01-43A0-48CB-A056-DA8C437E588E}.Debug|Any CPU.ActiveCfg = Debug|Any CPU
		{D6F47D01-43A0-48CB-A056-DA8C437E588E}.Debug|Any CPU.Build.0 = Debug|Any CPU
		{D6F47D01-43A0-48CB-A056-DA8C437E588E}.Release|Any CPU.ActiveCfg = Release|Any CPU
		{D6F47D01-43A0-48CB-A056-DA8C437E588E}.Release|Any CPU.Build.0 = Release|Any CPU
	EndGlobalSection
	GlobalSection(SolutionProperties) = preSolution
		HideSolutionNode = FALSE
	EndGlobalSection
EndGlobal
