
Microsoft Visual Studio Solution File, Format Version 11.00
# Visual Studio 2010
Project("{8BC9CEB8-8B4A-11D0-8D11-00A0C91BC942}") = "SentinelRepetition", "SentinelRepetition\SentinelRepetition.vcxproj", "{0883870F-B740-4FB6-A27E-E18FD4271F22}"
EndProject
Global
	GlobalSection(SolutionConfigurationPlatforms) = preSolution
		Debug|Win32 = Debug|Win32
		Release|Win32 = Release|Win32
	EndGlobalSection
	GlobalSection(ProjectConfigurationPlatforms) = postSolution
		{0883870F-B740-4FB6-A27E-E18FD4271F22}.Debug|Win32.ActiveCfg = Debug|Win32
		{0883870F-B740-4FB6-A27E-E18FD4271F22}.Debug|Win32.Build.0 = Debug|Win32
		{0883870F-B740-4FB6-A27E-E18FD4271F22}.Release|Win32.ActiveCfg = Release|Win32
		{0883870F-B740-4FB6-A27E-E18FD4271F22}.Release|Win32.Build.0 = Release|Win32
	EndGlobalSection
	GlobalSection(SolutionProperties) = preSolution
		HideSolutionNode = FALSE
	EndGlobalSection
EndGlobal
