
Microsoft Visual Studio Solution File, Format Version 11.00
# Visual Studio 2010
Project("{BE0A4C86-FC82-4F70-8ED6-D24C8B13E7BF}") = "TwoLargest", "TwoLargest\TwoLargest.javaproj", "{EB4ACD9D-DAFF-4BDC-AA73-8BBE96092582}"
EndProject
Global
	GlobalSection(SolutionConfigurationPlatforms) = preSolution
		Debug|Any CPU = Debug|Any CPU
		Release|Any CPU = Release|Any CPU
	EndGlobalSection
	GlobalSection(ProjectConfigurationPlatforms) = postSolution
		{EB4ACD9D-DAFF-4BDC-AA73-8BBE96092582}.Debug|Any CPU.ActiveCfg = Debug|Any CPU
		{EB4ACD9D-DAFF-4BDC-AA73-8BBE96092582}.Debug|Any CPU.Build.0 = Debug|Any CPU
		{EB4ACD9D-DAFF-4BDC-AA73-8BBE96092582}.Release|Any CPU.ActiveCfg = Release|Any CPU
		{EB4ACD9D-DAFF-4BDC-AA73-8BBE96092582}.Release|Any CPU.Build.0 = Release|Any CPU
	EndGlobalSection
	GlobalSection(SolutionProperties) = preSolution
		HideSolutionNode = FALSE
	EndGlobalSection
EndGlobal
