
Microsoft Visual Studio Solution File, Format Version 11.00
# Visual Studio 2010
Project("{888888A0-9F3D-457C-B088-3A5042F75D52}") = "EG1", "EG1\EG1.pyproj", "{8CC9DB85-28D1-47FA-B789-D1AA9D23FA06}"
EndProject
Global
	GlobalSection(SolutionConfigurationPlatforms) = preSolution
		Debug|Any CPU = Debug|Any CPU
		Release|Any CPU = Release|Any CPU
	EndGlobalSection
	GlobalSection(ProjectConfigurationPlatforms) = postSolution
		{8CC9DB85-28D1-47FA-B789-D1AA9D23FA06}.Debug|Any CPU.ActiveCfg = Debug|Any CPU
		{8CC9DB85-28D1-47FA-B789-D1AA9D23FA06}.Release|Any CPU.ActiveCfg = Release|Any CPU
	EndGlobalSection
	GlobalSection(SolutionProperties) = preSolution
		HideSolutionNode = FALSE
	EndGlobalSection
EndGlobal
