
Microsoft Visual Studio Solution File, Format Version 11.00
# Visual Studio 2010
Project("{888888A0-9F3D-457C-B088-3A5042F75D52}") = "Example6", "Example6\Example6.pyproj", "{7C368216-F617-4AB3-9ACA-2C136D00A15E}"
EndProject
Global
	GlobalSection(SolutionConfigurationPlatforms) = preSolution
		Debug|Any CPU = Debug|Any CPU
		Release|Any CPU = Release|Any CPU
	EndGlobalSection
	GlobalSection(ProjectConfigurationPlatforms) = postSolution
		{7C368216-F617-4AB3-9ACA-2C136D00A15E}.Debug|Any CPU.ActiveCfg = Debug|Any CPU
		{7C368216-F617-4AB3-9ACA-2C136D00A15E}.Release|Any CPU.ActiveCfg = Release|Any CPU
	EndGlobalSection
	GlobalSection(SolutionProperties) = preSolution
		HideSolutionNode = FALSE
	EndGlobalSection
EndGlobal
