
Microsoft Visual Studio Solution File, Format Version 11.00
# Visual Studio 2010
Project("{BE0A4C86-FC82-4F70-8ED6-D24C8B13E7BF}") = "Square", "Square\Square.javaproj", "{9DDA0AD8-A08F-4FE0-A2ED-D4148B432DFE}"
EndProject
Global
	GlobalSection(SolutionConfigurationPlatforms) = preSolution
		Debug|Any CPU = Debug|Any CPU
		Release|Any CPU = Release|Any CPU
	EndGlobalSection
	GlobalSection(ProjectConfigurationPlatforms) = postSolution
		{9DDA0AD8-A08F-4FE0-A2ED-D4148B432DFE}.Debug|Any CPU.ActiveCfg = Debug|Any CPU
		{9DDA0AD8-A08F-4FE0-A2ED-D4148B432DFE}.Debug|Any CPU.Build.0 = Debug|Any CPU
		{9DDA0AD8-A08F-4FE0-A2ED-D4148B432DFE}.Release|Any CPU.ActiveCfg = Release|Any CPU
		{9DDA0AD8-A08F-4FE0-A2ED-D4148B432DFE}.Release|Any CPU.Build.0 = Release|Any CPU
	EndGlobalSection
	GlobalSection(SolutionProperties) = preSolution
		HideSolutionNode = FALSE
	EndGlobalSection
EndGlobal
