
Microsoft Visual Studio Solution File, Format Version 11.00
# Visual Studio 2010
Project("{BE0A4C86-FC82-4F70-8ED6-D24C8B13E7BF}") = "Output.java", "Output\Output.java.javaproj", "{629824FB-B644-4754-A49F-2B31A9DB84F3}"
EndProject
Global
	GlobalSection(SolutionConfigurationPlatforms) = preSolution
		Debug|Any CPU = Debug|Any CPU
		Release|Any CPU = Release|Any CPU
	EndGlobalSection
	GlobalSection(ProjectConfigurationPlatforms) = postSolution
		{629824FB-B644-4754-A49F-2B31A9DB84F3}.Debug|Any CPU.ActiveCfg = Debug|Any CPU
		{629824FB-B644-4754-A49F-2B31A9DB84F3}.Debug|Any CPU.Build.0 = Debug|Any CPU
		{629824FB-B644-4754-A49F-2B31A9DB84F3}.Release|Any CPU.ActiveCfg = Release|Any CPU
		{629824FB-B644-4754-A49F-2B31A9DB84F3}.Release|Any CPU.Build.0 = Release|Any CPU
	EndGlobalSection
	GlobalSection(SolutionProperties) = preSolution
		HideSolutionNode = FALSE
	EndGlobalSection
EndGlobal
