
Microsoft Visual Studio Solution File, Format Version 11.00
# Visual Studio 2010
Project("{888888A0-9F3D-457C-B088-3A5042F75D52}") = "ShoppingPattern", "ShoppingPattern\ShoppingPattern.pyproj", "{DE2A7D4D-37F6-4A69-8E32-59DB95D09C10}"
EndProject
Global
	GlobalSection(SolutionConfigurationPlatforms) = preSolution
		Debug|Any CPU = Debug|Any CPU
		Release|Any CPU = Release|Any CPU
	EndGlobalSection
	GlobalSection(ProjectConfigurationPlatforms) = postSolution
		{DE2A7D4D-37F6-4A69-8E32-59DB95D09C10}.Debug|Any CPU.ActiveCfg = Debug|Any CPU
		{DE2A7D4D-37F6-4A69-8E32-59DB95D09C10}.Release|Any CPU.ActiveCfg = Release|Any CPU
	EndGlobalSection
	GlobalSection(SolutionProperties) = preSolution
		HideSolutionNode = FALSE
	EndGlobalSection
EndGlobal
