
Microsoft Visual Studio Solution File, Format Version 11.00
# Visual Studio 2010
Project("{888888A0-9F3D-457C-B088-3A5042F75D52}") = "EG5", "EG5\EG5.pyproj", "{D1E7DC95-3DD8-4D38-9639-BC78CA2D71D4}"
EndProject
Global
	GlobalSection(SolutionConfigurationPlatforms) = preSolution
		Debug|Any CPU = Debug|Any CPU
		Release|Any CPU = Release|Any CPU
	EndGlobalSection
	GlobalSection(ProjectConfigurationPlatforms) = postSolution
		{D1E7DC95-3DD8-4D38-9639-BC78CA2D71D4}.Debug|Any CPU.ActiveCfg = Debug|Any CPU
		{D1E7DC95-3DD8-4D38-9639-BC78CA2D71D4}.Release|Any CPU.ActiveCfg = Release|Any CPU
	EndGlobalSection
	GlobalSection(SolutionProperties) = preSolution
		HideSolutionNode = FALSE
	EndGlobalSection
EndGlobal
