
Microsoft Visual Studio Solution File, Format Version 11.00
# Visual Studio 2010
Project("{888888A0-9F3D-457C-B088-3A5042F75D52}") = "EG2", "EG2\EG2.pyproj", "{1310B09F-A4B4-46F7-A4D7-4BCD1E9AC04E}"
EndProject
Global
	GlobalSection(SolutionConfigurationPlatforms) = preSolution
		Debug|Any CPU = Debug|Any CPU
		Release|Any CPU = Release|Any CPU
	EndGlobalSection
	GlobalSection(ProjectConfigurationPlatforms) = postSolution
		{1310B09F-A4B4-46F7-A4D7-4BCD1E9AC04E}.Debug|Any CPU.ActiveCfg = Debug|Any CPU
		{1310B09F-A4B4-46F7-A4D7-4BCD1E9AC04E}.Release|Any CPU.ActiveCfg = Release|Any CPU
	EndGlobalSection
	GlobalSection(SolutionProperties) = preSolution
		HideSolutionNode = FALSE
	EndGlobalSection
EndGlobal
