
Microsoft Visual Studio Solution File, Format Version 12.00
# Visual Studio Version 16
VisualStudioVersion = 16.0.30503.244
MinimumVisualStudioVersion = 10.0.40219.1
Project("{888888A0-9F3D-457C-B088-3A5042F75D52}") = "Example1", "Example1\Example1.pyproj", "{DD650175-E8E2-4495-A59D-6B899F030059}"
EndProject
Global
	GlobalSection(SolutionConfigurationPlatforms) = preSolution
		Debug|Any CPU = Debug|Any CPU
		Release|Any CPU = Release|Any CPU
	EndGlobalSection
	GlobalSection(ProjectConfigurationPlatforms) = postSolution
		{DD650175-E8E2-4495-A59D-6B899F030059}.Debug|Any CPU.ActiveCfg = Debug|Any CPU
		{DD650175-E8E2-4495-A59D-6B899F030059}.Release|Any CPU.ActiveCfg = Release|Any CPU
	EndGlobalSection
	GlobalSection(SolutionProperties) = preSolution
		HideSolutionNode = FALSE
	EndGlobalSection
	GlobalSection(ExtensibilityGlobals) = postSolution
		SolutionGuid = {87F107F8-4E2D-4431-83CF-485DAE7329CB}
	EndGlobalSection
EndGlobal
