
Microsoft Visual Studio Solution File, Format Version 11.00
# Visual Studio 2010
Project("{888888A0-9F3D-457C-B088-3A5042F75D52}") = "EG2", "EG2\EG2.pyproj", "{8A0FBF13-C0B8-4FB7-8405-33B93F0E3D23}"
EndProject
Global
	GlobalSection(SolutionConfigurationPlatforms) = preSolution
		Debug|Any CPU = Debug|Any CPU
		Release|Any CPU = Release|Any CPU
	EndGlobalSection
	GlobalSection(ProjectConfigurationPlatforms) = postSolution
		{8A0FBF13-C0B8-4FB7-8405-33B93F0E3D23}.Debug|Any CPU.ActiveCfg = Debug|Any CPU
		{8A0FBF13-C0B8-4FB7-8405-33B93F0E3D23}.Release|Any CPU.ActiveCfg = Release|Any CPU
	EndGlobalSection
	GlobalSection(SolutionProperties) = preSolution
		HideSolutionNode = FALSE
	EndGlobalSection
EndGlobal
