
Microsoft Visual Studio Solution File, Format Version 11.00
# Visual Studio 2010
Project("{888888A0-9F3D-457C-B088-3A5042F75D52}") = "EG5", "EG5\EG5.pyproj", "{22B0E364-7E42-4B70-B0D7-15C5916BECBA}"
EndProject
Global
	GlobalSection(SolutionConfigurationPlatforms) = preSolution
		Debug|Any CPU = Debug|Any CPU
		Release|Any CPU = Release|Any CPU
	EndGlobalSection
	GlobalSection(ProjectConfigurationPlatforms) = postSolution
		{22B0E364-7E42-4B70-B0D7-15C5916BECBA}.Debug|Any CPU.ActiveCfg = Debug|Any CPU
		{22B0E364-7E42-4B70-B0D7-15C5916BECBA}.Release|Any CPU.ActiveCfg = Release|Any CPU
	EndGlobalSection
	GlobalSection(SolutionProperties) = preSolution
		HideSolutionNode = FALSE
	EndGlobalSection
EndGlobal
