
Microsoft Visual Studio Solution File, Format Version 11.00
# Visual Studio 2010
Project("{888888A0-9F3D-457C-B088-3A5042F75D52}") = "Example3", "Example3\Example3.pyproj", "{A023D6BB-671A-4674-BDEC-0A1E2DB46069}"
EndProject
Global
	GlobalSection(SolutionConfigurationPlatforms) = preSolution
		Debug|Any CPU = Debug|Any CPU
		Release|Any CPU = Release|Any CPU
	EndGlobalSection
	GlobalSection(ProjectConfigurationPlatforms) = postSolution
		{A023D6BB-671A-4674-BDEC-0A1E2DB46069}.Debug|Any CPU.ActiveCfg = Debug|Any CPU
		{A023D6BB-671A-4674-BDEC-0A1E2DB46069}.Release|Any CPU.ActiveCfg = Release|Any CPU
	EndGlobalSection
	GlobalSection(SolutionProperties) = preSolution
		HideSolutionNode = FALSE
	EndGlobalSection
EndGlobal
