
Microsoft Visual Studio Solution File, Format Version 11.00
# Visual Studio 2010
Project("{BE0A4C86-FC82-4F70-8ED6-D24C8B13E7BF}") = "ForCounter", "ForCounter\ForCounter.javaproj", "{0FBF720D-E71A-4F04-B990-F3B00A59A07F}"
EndProject
Global
	GlobalSection(SolutionConfigurationPlatforms) = preSolution
		Debug|Any CPU = Debug|Any CPU
		Release|Any CPU = Release|Any CPU
	EndGlobalSection
	GlobalSection(ProjectConfigurationPlatforms) = postSolution
		{0FBF720D-E71A-4F04-B990-F3B00A59A07F}.Debug|Any CPU.ActiveCfg = Debug|Any CPU
		{0FBF720D-E71A-4F04-B990-F3B00A59A07F}.Debug|Any CPU.Build.0 = Debug|Any CPU
		{0FBF720D-E71A-4F04-B990-F3B00A59A07F}.Release|Any CPU.ActiveCfg = Release|Any CPU
		{0FBF720D-E71A-4F04-B990-F3B00A59A07F}.Release|Any CPU.Build.0 = Release|Any CPU
	EndGlobalSection
	GlobalSection(SolutionProperties) = preSolution
		HideSolutionNode = FALSE
	EndGlobalSection
EndGlobal
