
Microsoft Visual Studio Solution File, Format Version 11.00
# Visual Studio 2010
Project("{888888A0-9F3D-457C-B088-3A5042F75D52}") = "KMeans", "KMeans\KMeans.pyproj", "{D2699AB6-9F20-46B1-BDC6-15E90C82C5B7}"
EndProject
Global
	GlobalSection(SolutionConfigurationPlatforms) = preSolution
		Debug|Any CPU = Debug|Any CPU
		Release|Any CPU = Release|Any CPU
	EndGlobalSection
	GlobalSection(ProjectConfigurationPlatforms) = postSolution
		{D2699AB6-9F20-46B1-BDC6-15E90C82C5B7}.Debug|Any CPU.ActiveCfg = Debug|Any CPU
		{D2699AB6-9F20-46B1-BDC6-15E90C82C5B7}.Release|Any CPU.ActiveCfg = Release|Any CPU
	EndGlobalSection
	GlobalSection(SolutionProperties) = preSolution
		HideSolutionNode = FALSE
	EndGlobalSection
EndGlobal
