
Microsoft Visual Studio Solution File, Format Version 12.00
# Visual Studio Version 16
VisualStudioVersion = 16.0.30114.105
MinimumVisualStudioVersion = 10.0.40219.1
Project("{888888A0-9F3D-457C-B088-3A5042F75D52}") = "Chapter2", "Chapter2\Chapter2.pyproj", "{256B5664-C2C8-4CDF-889C-584581FD4609}"
EndProject
Global
	GlobalSection(SolutionConfigurationPlatforms) = preSolution
		Debug|Any CPU = Debug|Any CPU
		Release|Any CPU = Release|Any CPU
	EndGlobalSection
	GlobalSection(ProjectConfigurationPlatforms) = postSolution
		{256B5664-C2C8-4CDF-889C-584581FD4609}.Debug|Any CPU.ActiveCfg = Debug|Any CPU
		{256B5664-C2C8-4CDF-889C-584581FD4609}.Release|Any CPU.ActiveCfg = Release|Any CPU
	EndGlobalSection
	GlobalSection(SolutionProperties) = preSolution
		HideSolutionNode = FALSE
	EndGlobalSection
	GlobalSection(ExtensibilityGlobals) = postSolution
		SolutionGuid = {F6B70E05-5DC8-43FC-A154-EA0224193EC3}
	EndGlobalSection
EndGlobal
