
Microsoft Visual Studio Solution File, Format Version 11.00
# Visual Studio 2010
Project("{888888A0-9F3D-457C-B088-3A5042F75D52}") = "EG3", "EG3\EG3.pyproj", "{02FB2566-FD8F-4832-8F21-CD1ADA367372}"
EndProject
Global
	GlobalSection(SolutionConfigurationPlatforms) = preSolution
		Debug|Any CPU = Debug|Any CPU
		Release|Any CPU = Release|Any CPU
	EndGlobalSection
	GlobalSection(ProjectConfigurationPlatforms) = postSolution
		{02FB2566-FD8F-4832-8F21-CD1ADA367372}.Debug|Any CPU.ActiveCfg = Debug|Any CPU
		{02FB2566-FD8F-4832-8F21-CD1ADA367372}.Release|Any CPU.ActiveCfg = Release|Any CPU
	EndGlobalSection
	GlobalSection(SolutionProperties) = preSolution
		HideSolutionNode = FALSE
	EndGlobalSection
EndGlobal
