
Microsoft Visual Studio Solution File, Format Version 11.00
# Visual Studio 2010
Project("{888888A0-9F3D-457C-B088-3A5042F75D52}") = "main", "main\main.pyproj", "{468CA5D1-6DE8-46CE-9DFC-900590A0E34B}"
EndProject
Global
	GlobalSection(SolutionConfigurationPlatforms) = preSolution
		Debug|Any CPU = Debug|Any CPU
		Release|Any CPU = Release|Any CPU
	EndGlobalSection
	GlobalSection(ProjectConfigurationPlatforms) = postSolution
		{468CA5D1-6DE8-46CE-9DFC-900590A0E34B}.Debug|Any CPU.ActiveCfg = Debug|Any CPU
		{468CA5D1-6DE8-46CE-9DFC-900590A0E34B}.Release|Any CPU.ActiveCfg = Release|Any CPU
	EndGlobalSection
	GlobalSection(SolutionProperties) = preSolution
		HideSolutionNode = FALSE
	EndGlobalSection
EndGlobal
