
Microsoft Visual Studio Solution File, Format Version 12.00
# Visual Studio Version 16
VisualStudioVersion = 16.0.30503.244
MinimumVisualStudioVersion = 10.0.40219.1
Project("{888888A0-9F3D-457C-B088-3A5042F75D52}") = "Test3", "Test3\Test3.pyproj", "{0B59C5C0-FCA2-4D5C-ADE4-622693084A1C}"
EndProject
Global
	GlobalSection(SolutionConfigurationPlatforms) = preSolution
		Debug|Any CPU = Debug|Any CPU
		Release|Any CPU = Release|Any CPU
	EndGlobalSection
	GlobalSection(ProjectConfigurationPlatforms) = postSolution
		{0B59C5C0-FCA2-4D5C-ADE4-622693084A1C}.Debug|Any CPU.ActiveCfg = Debug|Any CPU
		{0B59C5C0-FCA2-4D5C-ADE4-622693084A1C}.Release|Any CPU.ActiveCfg = Release|Any CPU
	EndGlobalSection
	GlobalSection(SolutionProperties) = preSolution
		HideSolutionNode = FALSE
	EndGlobalSection
	GlobalSection(ExtensibilityGlobals) = postSolution
		SolutionGuid = {5CCCE262-2324-436C-9BFB-DB80DB0A8306}
	EndGlobalSection
EndGlobal
