
Microsoft Visual Studio Solution File, Format Version 11.00
# Visual Studio 2010
Project("{BE0A4C86-FC82-4F70-8ED6-D24C8B13E7BF}") = "OddInteger", "OddInteger\OddInteger.javaproj", "{8E1FED55-DDC3-4A52-9FB8-BA0D936ABE32}"
EndProject
Global
	GlobalSection(SolutionConfigurationPlatforms) = preSolution
		Debug|Any CPU = Debug|Any CPU
		Release|Any CPU = Release|Any CPU
	EndGlobalSection
	GlobalSection(ProjectConfigurationPlatforms) = postSolution
		{8E1FED55-DDC3-4A52-9FB8-BA0D936ABE32}.Debug|Any CPU.ActiveCfg = Debug|Any CPU
		{8E1FED55-DDC3-4A52-9FB8-BA0D936ABE32}.Debug|Any CPU.Build.0 = Debug|Any CPU
		{8E1FED55-DDC3-4A52-9FB8-BA0D936ABE32}.Release|Any CPU.ActiveCfg = Release|Any CPU
		{8E1FED55-DDC3-4A52-9FB8-BA0D936ABE32}.Release|Any CPU.Build.0 = Release|Any CPU
	EndGlobalSection
	GlobalSection(SolutionProperties) = preSolution
		HideSolutionNode = FALSE
	EndGlobalSection
EndGlobal
