
Microsoft Visual Studio Solution File, Format Version 11.00
# Visual Studio 2010
Project("{BE0A4C86-FC82-4F70-8ED6-D24C8B13E7BF}") = "Mileage", "Mileage\Mileage.javaproj", "{D99DB61F-B219-4462-81F7-5EF73CD09573}"
EndProject
Global
	GlobalSection(SolutionConfigurationPlatforms) = preSolution
		Debug|Any CPU = Debug|Any CPU
		Release|Any CPU = Release|Any CPU
	EndGlobalSection
	GlobalSection(ProjectConfigurationPlatforms) = postSolution
		{D99DB61F-B219-4462-81F7-5EF73CD09573}.Debug|Any CPU.ActiveCfg = Debug|Any CPU
		{D99DB61F-B219-4462-81F7-5EF73CD09573}.Debug|Any CPU.Build.0 = Debug|Any CPU
		{D99DB61F-B219-4462-81F7-5EF73CD09573}.Release|Any CPU.ActiveCfg = Release|Any CPU
		{D99DB61F-B219-4462-81F7-5EF73CD09573}.Release|Any CPU.Build.0 = Release|Any CPU
	EndGlobalSection
	GlobalSection(SolutionProperties) = preSolution
		HideSolutionNode = FALSE
	EndGlobalSection
EndGlobal
