
Microsoft Visual Studio Solution File, Format Version 11.00
# Visual Studio 2010
Project("{888888A0-9F3D-457C-B088-3A5042F75D52}") = "EG3", "EG3\EG3.pyproj", "{DEA865D8-A1E0-4C5A-9787-6C10E6ED61D8}"
EndProject
Global
	GlobalSection(SolutionConfigurationPlatforms) = preSolution
		Debug|Any CPU = Debug|Any CPU
		Release|Any CPU = Release|Any CPU
	EndGlobalSection
	GlobalSection(ProjectConfigurationPlatforms) = postSolution
		{DEA865D8-A1E0-4C5A-9787-6C10E6ED61D8}.Debug|Any CPU.ActiveCfg = Debug|Any CPU
		{DEA865D8-A1E0-4C5A-9787-6C10E6ED61D8}.Release|Any CPU.ActiveCfg = Release|Any CPU
	EndGlobalSection
	GlobalSection(SolutionProperties) = preSolution
		HideSolutionNode = FALSE
	EndGlobalSection
EndGlobal
