
Microsoft Visual Studio Solution File, Format Version 12.00
# Visual Studio Version 16
VisualStudioVersion = 16.0.29215.179
MinimumVisualStudioVersion = 10.0.40219.1
Project("{888888A0-9F3D-457C-B088-3A5042F75D52}") = "grid_search", "grid_search\grid_search.pyproj", "{07B93DF0-0481-4542-ACCA-9B872A9B0509}"
EndProject
Global
	GlobalSection(SolutionConfigurationPlatforms) = preSolution
		Debug|Any CPU = Debug|Any CPU
		Release|Any CPU = Release|Any CPU
	EndGlobalSection
	GlobalSection(ProjectConfigurationPlatforms) = postSolution
		{07B93DF0-0481-4542-ACCA-9B872A9B0509}.Debug|Any CPU.ActiveCfg = Debug|Any CPU
		{07B93DF0-0481-4542-ACCA-9B872A9B0509}.Release|Any CPU.ActiveCfg = Release|Any CPU
	EndGlobalSection
	GlobalSection(SolutionProperties) = preSolution
		HideSolutionNode = FALSE
	EndGlobalSection
	GlobalSection(ExtensibilityGlobals) = postSolution
		SolutionGuid = {26DB25D9-DDFC-4676-A18D-5C3B38AFED12}
	EndGlobalSection
EndGlobal
