
Microsoft Visual Studio Solution File, Format Version 11.00
# Visual Studio 2010
Project("{8BC9CEB8-8B4A-11D0-8D11-00A0C91BC942}") = "Switch", "Switch\Switch.vcxproj", "{94509C2B-7846-49C3-BF9D-F353831EEDFE}"
EndProject
Global
	GlobalSection(SolutionConfigurationPlatforms) = preSolution
		Debug|Win32 = Debug|Win32
		Release|Win32 = Release|Win32
	EndGlobalSection
	GlobalSection(ProjectConfigurationPlatforms) = postSolution
		{94509C2B-7846-49C3-BF9D-F353831EEDFE}.Debug|Win32.ActiveCfg = Debug|Win32
		{94509C2B-7846-49C3-BF9D-F353831EEDFE}.Debug|Win32.Build.0 = Debug|Win32
		{94509C2B-7846-49C3-BF9D-F353831EEDFE}.Release|Win32.ActiveCfg = Release|Win32
		{94509C2B-7846-49C3-BF9D-F353831EEDFE}.Release|Win32.Build.0 = Release|Win32
	EndGlobalSection
	GlobalSection(SolutionProperties) = preSolution
		HideSolutionNode = FALSE
	EndGlobalSection
EndGlobal
