
Microsoft Visual Studio Solution File, Format Version 11.00
# Visual Studio 2010
Project("{888888A0-9F3D-457C-B088-3A5042F75D52}") = "Example2", "Example2\Example2.pyproj", "{F19A06BC-AFE0-497C-A9AC-05AD81556B6A}"
EndProject
Global
	GlobalSection(SolutionConfigurationPlatforms) = preSolution
		Debug|Any CPU = Debug|Any CPU
		Release|Any CPU = Release|Any CPU
	EndGlobalSection
	GlobalSection(ProjectConfigurationPlatforms) = postSolution
		{F19A06BC-AFE0-497C-A9AC-05AD81556B6A}.Debug|Any CPU.ActiveCfg = Debug|Any CPU
		{F19A06BC-AFE0-497C-A9AC-05AD81556B6A}.Release|Any CPU.ActiveCfg = Release|Any CPU
	EndGlobalSection
	GlobalSection(SolutionProperties) = preSolution
		HideSolutionNode = FALSE
	EndGlobalSection
EndGlobal
