
Microsoft Visual Studio Solution File, Format Version 11.00
# Visual Studio 2010
Project("{BE0A4C86-FC82-4F70-8ED6-D24C8B13E7BF}") = "DrawPanelTest2", "DrawPanelTest2\DrawPanelTest2.javaproj", "{BD47EA05-7DAC-4105-92B0-7B52EE97516B}"
EndProject
Global
	GlobalSection(SolutionConfigurationPlatforms) = preSolution
		Debug|Any CPU = Debug|Any CPU
		Release|Any CPU = Release|Any CPU
	EndGlobalSection
	GlobalSection(ProjectConfigurationPlatforms) = postSolution
		{BD47EA05-7DAC-4105-92B0-7B52EE97516B}.Debug|Any CPU.ActiveCfg = Debug|Any CPU
		{BD47EA05-7DAC-4105-92B0-7B52EE97516B}.Debug|Any CPU.Build.0 = Debug|Any CPU
		{BD47EA05-7DAC-4105-92B0-7B52EE97516B}.Release|Any CPU.ActiveCfg = Release|Any CPU
		{BD47EA05-7DAC-4105-92B0-7B52EE97516B}.Release|Any CPU.Build.0 = Release|Any CPU
	EndGlobalSection
	GlobalSection(SolutionProperties) = preSolution
		HideSolutionNode = FALSE
	EndGlobalSection
EndGlobal
