
Microsoft Visual Studio Solution File, Format Version 11.00
# Visual Studio 2010
Project("{888888A0-9F3D-457C-B088-3A5042F75D52}") = "EG1", "EG1\EG1.pyproj", "{023BD4A6-0AE8-4F6B-8569-11F4C8E83FA8}"
EndProject
Global
	GlobalSection(SolutionConfigurationPlatforms) = preSolution
		Debug|Any CPU = Debug|Any CPU
		Release|Any CPU = Release|Any CPU
	EndGlobalSection
	GlobalSection(ProjectConfigurationPlatforms) = postSolution
		{023BD4A6-0AE8-4F6B-8569-11F4C8E83FA8}.Debug|Any CPU.ActiveCfg = Debug|Any CPU
		{023BD4A6-0AE8-4F6B-8569-11F4C8E83FA8}.Release|Any CPU.ActiveCfg = Release|Any CPU
	EndGlobalSection
	GlobalSection(SolutionProperties) = preSolution
		HideSolutionNode = FALSE
	EndGlobalSection
EndGlobal
