
Microsoft Visual Studio Solution File, Format Version 11.00
# Visual Studio 2010
Project("{BE0A4C86-FC82-4F70-8ED6-D24C8B13E7BF}") = "Addition", "Addition\Addition.javaproj", "{5D5561F9-C32E-4FC4-9263-D1F244BED897}"
EndProject
Global
	GlobalSection(SolutionConfigurationPlatforms) = preSolution
		Debug|Any CPU = Debug|Any CPU
		Release|Any CPU = Release|Any CPU
	EndGlobalSection
	GlobalSection(ProjectConfigurationPlatforms) = postSolution
		{5D5561F9-C32E-4FC4-9263-D1F244BED897}.Debug|Any CPU.ActiveCfg = Debug|Any CPU
		{5D5561F9-C32E-4FC4-9263-D1F244BED897}.Debug|Any CPU.Build.0 = Debug|Any CPU
		{5D5561F9-C32E-4FC4-9263-D1F244BED897}.Release|Any CPU.ActiveCfg = Release|Any CPU
		{5D5561F9-C32E-4FC4-9263-D1F244BED897}.Release|Any CPU.Build.0 = Release|Any CPU
	EndGlobalSection
	GlobalSection(SolutionProperties) = preSolution
		HideSolutionNode = FALSE
	EndGlobalSection
EndGlobal
