
Microsoft Visual Studio Solution File, Format Version 11.00
# Visual Studio 2010
Project("{BE0A4C86-FC82-4F70-8ED6-D24C8B13E7BF}") = "SmallestInteger", "SmallestInteger\SmallestInteger.javaproj", "{0F7A4B7C-A154-40F5-A11E-52E00DDC85E1}"
EndProject
Global
	GlobalSection(SolutionConfigurationPlatforms) = preSolution
		Debug|Any CPU = Debug|Any CPU
		Release|Any CPU = Release|Any CPU
	EndGlobalSection
	GlobalSection(ProjectConfigurationPlatforms) = postSolution
		{0F7A4B7C-A154-40F5-A11E-52E00DDC85E1}.Debug|Any CPU.ActiveCfg = Debug|Any CPU
		{0F7A4B7C-A154-40F5-A11E-52E00DDC85E1}.Debug|Any CPU.Build.0 = Debug|Any CPU
		{0F7A4B7C-A154-40F5-A11E-52E00DDC85E1}.Release|Any CPU.ActiveCfg = Release|Any CPU
		{0F7A4B7C-A154-40F5-A11E-52E00DDC85E1}.Release|Any CPU.Build.0 = Release|Any CPU
	EndGlobalSection
	GlobalSection(SolutionProperties) = preSolution
		HideSolutionNode = FALSE
	EndGlobalSection
EndGlobal
