
Microsoft Visual Studio Solution File, Format Version 11.00
# Visual Studio 2010
Project("{888888A0-9F3D-457C-B088-3A5042F75D52}") = "Example2", "Example2\Example2.pyproj", "{DA632D1F-EAEF-4A58-B196-1DD7E8882FDA}"
EndProject
Global
	GlobalSection(SolutionConfigurationPlatforms) = preSolution
		Debug|Any CPU = Debug|Any CPU
		Release|Any CPU = Release|Any CPU
	EndGlobalSection
	GlobalSection(ProjectConfigurationPlatforms) = postSolution
		{DA632D1F-EAEF-4A58-B196-1DD7E8882FDA}.Debug|Any CPU.ActiveCfg = Debug|Any CPU
		{DA632D1F-EAEF-4A58-B196-1DD7E8882FDA}.Release|Any CPU.ActiveCfg = Release|Any CPU
	EndGlobalSection
	GlobalSection(SolutionProperties) = preSolution
		HideSolutionNode = FALSE
	EndGlobalSection
EndGlobal
