
Microsoft Visual Studio Solution File, Format Version 11.00
# Visual Studio 2010
Project("{888888A0-9F3D-457C-B088-3A5042F75D52}") = "Example3", "Example3\Example3.pyproj", "{249C19D4-7625-4AC7-AAFD-A0CAF63901BB}"
EndProject
Global
	GlobalSection(SolutionConfigurationPlatforms) = preSolution
		Debug|Any CPU = Debug|Any CPU
		Release|Any CPU = Release|Any CPU
	EndGlobalSection
	GlobalSection(ProjectConfigurationPlatforms) = postSolution
		{249C19D4-7625-4AC7-AAFD-A0CAF63901BB}.Debug|Any CPU.ActiveCfg = Debug|Any CPU
		{249C19D4-7625-4AC7-AAFD-A0CAF63901BB}.Release|Any CPU.ActiveCfg = Release|Any CPU
	EndGlobalSection
	GlobalSection(SolutionProperties) = preSolution
		HideSolutionNode = FALSE
	EndGlobalSection
EndGlobal
