
Microsoft Visual Studio Solution File, Format Version 11.00
# Visual Studio 2010
Project("{888888A0-9F3D-457C-B088-3A5042F75D52}") = "Example1", "Example1\Example1.pyproj", "{7E71286D-83DA-45E5-AAFD-CF776AAB267C}"
EndProject
Global
	GlobalSection(SolutionConfigurationPlatforms) = preSolution
		Debug|Any CPU = Debug|Any CPU
		Release|Any CPU = Release|Any CPU
	EndGlobalSection
	GlobalSection(ProjectConfigurationPlatforms) = postSolution
		{7E71286D-83DA-45E5-AAFD-CF776AAB267C}.Debug|Any CPU.ActiveCfg = Debug|Any CPU
		{7E71286D-83DA-45E5-AAFD-CF776AAB267C}.Release|Any CPU.ActiveCfg = Release|Any CPU
	EndGlobalSection
	GlobalSection(SolutionProperties) = preSolution
		HideSolutionNode = FALSE
	EndGlobalSection
EndGlobal
