
Microsoft Visual Studio Solution File, Format Version 11.00
# Visual Studio 2010
Project("{BE0A4C86-FC82-4F70-8ED6-D24C8B13E7BF}") = "Welcome1", "Welcome1\Welcome1.javaproj", "{BC76B5C4-B1EF-4286-8574-A4FAD02EA70B}"
EndProject
Global
	GlobalSection(SolutionConfigurationPlatforms) = preSolution
		Debug|Any CPU = Debug|Any CPU
		Release|Any CPU = Release|Any CPU
	EndGlobalSection
	GlobalSection(ProjectConfigurationPlatforms) = postSolution
		{BC76B5C4-B1EF-4286-8574-A4FAD02EA70B}.Debug|Any CPU.ActiveCfg = Debug|Any CPU
		{BC76B5C4-B1EF-4286-8574-A4FAD02EA70B}.Debug|Any CPU.Build.0 = Debug|Any CPU
		{BC76B5C4-B1EF-4286-8574-A4FAD02EA70B}.Release|Any CPU.ActiveCfg = Release|Any CPU
		{BC76B5C4-B1EF-4286-8574-A4FAD02EA70B}.Release|Any CPU.Build.0 = Release|Any CPU
	EndGlobalSection
	GlobalSection(SolutionProperties) = preSolution
		HideSolutionNode = FALSE
	EndGlobalSection
EndGlobal
