
Microsoft Visual Studio Solution File, Format Version 11.00
# Visual Studio 2010
Project("{888888A0-9F3D-457C-B088-3A5042F75D52}") = "Example8", "Example8\Example8.pyproj", "{F9CB4415-9654-4F1F-9413-48FD1C769A8B}"
EndProject
Global
	GlobalSection(SolutionConfigurationPlatforms) = preSolution
		Debug|Any CPU = Debug|Any CPU
		Release|Any CPU = Release|Any CPU
	EndGlobalSection
	GlobalSection(ProjectConfigurationPlatforms) = postSolution
		{F9CB4415-9654-4F1F-9413-48FD1C769A8B}.Debug|Any CPU.ActiveCfg = Debug|Any CPU
		{F9CB4415-9654-4F1F-9413-48FD1C769A8B}.Release|Any CPU.ActiveCfg = Release|Any CPU
	EndGlobalSection
	GlobalSection(SolutionProperties) = preSolution
		HideSolutionNode = FALSE
	EndGlobalSection
EndGlobal
