
Microsoft Visual Studio Solution File, Format Version 11.00
# Visual Studio 2010
Project("{888888A0-9F3D-457C-B088-3A5042F75D52}") = "Example4", "Example4\Example4.pyproj", "{780D571E-F9DB-453C-B03D-6CEB8AD87B45}"
EndProject
Global
	GlobalSection(SolutionConfigurationPlatforms) = preSolution
		Debug|Any CPU = Debug|Any CPU
		Release|Any CPU = Release|Any CPU
	EndGlobalSection
	GlobalSection(ProjectConfigurationPlatforms) = postSolution
		{780D571E-F9DB-453C-B03D-6CEB8AD87B45}.Debug|Any CPU.ActiveCfg = Debug|Any CPU
		{780D571E-F9DB-453C-B03D-6CEB8AD87B45}.Release|Any CPU.ActiveCfg = Release|Any CPU
	EndGlobalSection
	GlobalSection(SolutionProperties) = preSolution
		HideSolutionNode = FALSE
	EndGlobalSection
EndGlobal
