
Microsoft Visual Studio Solution File, Format Version 11.00
# Visual Studio 2010
Project("{888888A0-9F3D-457C-B088-3A5042F75D52}") = "EG1", "EG1\EG1.pyproj", "{BBD66CF2-8407-49E9-B8AD-E3C6DA98D27F}"
EndProject
Global
	GlobalSection(SolutionConfigurationPlatforms) = preSolution
		Debug|Any CPU = Debug|Any CPU
		Release|Any CPU = Release|Any CPU
	EndGlobalSection
	GlobalSection(ProjectConfigurationPlatforms) = postSolution
		{BBD66CF2-8407-49E9-B8AD-E3C6DA98D27F}.Debug|Any CPU.ActiveCfg = Debug|Any CPU
		{BBD66CF2-8407-49E9-B8AD-E3C6DA98D27F}.Release|Any CPU.ActiveCfg = Release|Any CPU
	EndGlobalSection
	GlobalSection(SolutionProperties) = preSolution
		HideSolutionNode = FALSE
	EndGlobalSection
EndGlobal
